{
  "version": 4,
  "terraform_version": "1.3.7",
  "serial": 3,
  "lineage": "cb665a5a-8987-54ff-193e-8c0157399cb8",
  "outputs": {},
  "resources": [
    {
      "mode": "data",
      "type": "aws_eks_cluster",
      "name": "leaf",
      "provider": "provider[\"registry.terraform.io/hashicorp/aws\"]",
      "instances": [
        {
          "schema_version": 0,
          "attributes": {
            "arn": "arn:aws:eks:eu-north-1:894516026745:cluster/default_leaf-control-plane",
            "certificate_authority": [
              {
                "data": "LS0tLS1CRUdJTiBDRVJUSUZJQ0FURS0tLS0tCk1JSUMvakNDQWVhZ0F3SUJBZ0lCQURBTkJna3Foa2lHOXcwQkFRc0ZBREFWTVJNd0VRWURWUVFERXdwcmRXSmwKY201bGRHVnpNQjRYRFRJek1ERXlOVEE1TlRjek0xb1hEVE16TURFeU1qQTVOVGN6TTFvd0ZURVRNQkVHQTFVRQpBeE1LYTNWaVpYSnVaWFJsY3pDQ0FTSXdEUVlKS29aSWh2Y05BUUVCQlFBRGdnRVBBRENDQVFvQ2dnRUJBTU5QCjZyL3ljajBmV3R1OWVaNys5YXd4SUNPZi9hcWFCOTkxUkVSb1pkUzFDa0NndjBtUlpCTjI1OVhnMTRlMmJSdm0KSXp0NGNlSFJhWnltbS9vajNuM1d6aHE4c0R4a2pGMFppNHlUQzVzSElHaW1TNmxzWGpQNXlQUnYvOW5qNml4dQovRzVxL0xwN2F1UFIvT0gxeHJHTVZoaDBCT1IwcEpWNE9DcVFjdTl0WHBGUENFNjZjK09qVUpHeUduQ0ZqSUZmCmxMaWgxcDdMcHZENllpbUcwSXVUditZaEhKaUR5MFdpYnB1UlNOakp5bitTaXZBRG1qNGExeFVKQy9YQ2pnN2IKQmpsNlorOGdzVmF6dDErNHRFdnpGOVFsOHBEeFlORVNXR0c3ZS9TSDJHanpCZTRXV0pEOUlaVUU2YmplTEFNQwprT3dyZ0ZLRFp4bm5SK0tiemhzQ0F3RUFBYU5aTUZjd0RnWURWUjBQQVFIL0JBUURBZ0trTUE4R0ExVWRFd0VCCi93UUZNQU1CQWY4d0hRWURWUjBPQkJZRUZBT0ZpWmd2TGQvajl0K2ZudUQwWTF2VFRZSStNQlVHQTFVZEVRUU8KTUF5Q0NtdDFZbVZ5Ym1WMFpYTXdEUVlKS29aSWh2Y05BUUVMQlFBRGdnRUJBRVhlQ0o5NExpRFd6dDVqVURKKwozd1dsZHJGZzgvYllwNk5WU3Nid3dGcXVxRnFMSjRIY2ZnV1g3akdPZUFES2pPZEMvVXpjWUJtMkJvZzJqRUVVCk5QbnZHUktsMm5hdUhlRyt6NlozWERCSFJBSUk5bDdTazlUR2VjTDJnd3BjcDkybEVhVzdoVHJtNXIraVBXMy8KbWtCOU96UDVaUk5aQXRKTnAraFlnVkovemExNzFsUWxwVmZMZS9rTE9QZ0RtYlp3a3JqdVVFMkNHVERCNlBFMwpOZEdhTFJLcDVQUXBqYkZRc25vdjZtb1JvR3oyZDZxRExXdUUxUnNWQUZSTUZYY2JRWjlRZ1IyT2ZFVSt4b0Q4Ck01RXVjVklMZ3lvTGNRQWpxb2FzY2tnR3RmM3BzT3M3eFROdE0rT0xyUWlZQU1uNnA4cFVYR3l1VzZxZ2pCMW8Kb0tNPQotLS0tLUVORCBDRVJUSUZJQ0FURS0tLS0tCg=="
              }
            ],
            "cluster_id": null,
            "created_at": "2023-01-25 09:51:39.326 +0000 UTC",
            "enabled_cluster_log_types": [],
            "endpoint": "https://707C2B1121E191E873D342AF32A5B0F7.sk1.eu-north-1.eks.amazonaws.com",
            "id": "default_leaf-control-plane",
            "identity": [
              {
                "oidc": [
                  {
                    "issuer": "https://oidc.eks.eu-north-1.amazonaws.com/id/707C2B1121E191E873D342AF32A5B0F7"
                  }
                ]
              }
            ],
            "kubernetes_network_config": [
              {
                "ip_family": "ipv4",
                "service_ipv4_cidr": "172.20.0.0/16",
                "service_ipv6_cidr": ""
              }
            ],
            "name": "default_leaf-control-plane",
            "outpost_config": [],
            "platform_version": "eks.3",
            "role_arn": "arn:aws:iam::894516026745:role/leaf-iam-service-role",
            "status": "ACTIVE",
            "tags": {
              "Name": "default_leaf-control-plane",
              "creator": "waleed.hamam@weave.works",
              "kubernetes.io/cluster/default_leaf-control-plane": "owned",
              "sigs.k8s.io/cluster-api-provider-aws/cluster/default_leaf-control-plane": "owned",
              "sigs.k8s.io/cluster-api-provider-aws/role": "common"
            },
            "version": "1.24",
            "vpc_config": [
              {
                "cluster_security_group_id": "sg-0da6d62bbfef9d0ff",
                "endpoint_private_access": false,
                "endpoint_public_access": true,
                "public_access_cidrs": [
                  "0.0.0.0/0"
                ],
                "security_group_ids": [
                  "sg-074c02cfd0ef26c04"
                ],
                "subnet_ids": [
                  "subnet-01a77bbd7b370f71e",
                  "subnet-02886e9ad35cf9c9a",
                  "subnet-03c835cea007e328a",
                  "subnet-093a775f359181b7a",
                  "subnet-09d0c40f51628845b",
                  "subnet-0ef8a4deff5c1878f"
                ],
                "vpc_id": "vpc-0d9589d9d808e855a"
              }
            ]
          },
          "sensitive_attributes": []
        }
      ]
    },
    {
      "mode": "data",
      "type": "aws_eks_cluster_auth",
      "name": "leaf",
      "provider": "provider[\"registry.terraform.io/hashicorp/aws\"]",
      "instances": [
        {
          "schema_version": 0,
          "attributes": {
            "id": "default_leaf-control-plane",
            "name": "default_leaf-control-plane",
            "token": "k8s-aws-v1.aHR0cHM6Ly9zdHMuYW1hem9uYXdzLmNvbS8_QWN0aW9uPUdldENhbGxlcklkZW50aXR5JlZlcnNpb249MjAxMS0wNi0xNSZYLUFtei1BbGdvcml0aG09QVdTNC1ITUFDLVNIQTI1NiZYLUFtei1DcmVkZW50aWFsPUFTSUE1QVJLUExWNFlUM1lFNE9JJTJGMjAyMzAxMjUlMkZ1cy1lYXN0LTElMkZzdHMlMkZhd3M0X3JlcXVlc3QmWC1BbXotRGF0ZT0yMDIzMDEyNVQxMzU1MDRaJlgtQW16LUV4cGlyZXM9MCZYLUFtei1TZWN1cml0eS1Ub2tlbj1Gd29HWlhJdllYZHpFS3YlMkYlMkYlMkYlMkYlMkYlMkYlMkYlMkYlMkYlMkZ3RWFETmw5dzU1N0JkSkpOYThjRUNLaEFuNTlJMjQ5RFBqYmxURmowSDRwV1JvT0FUcW56b0F0Y0ZuYVZKNnpGTmlIamxiQ3JQMTE4eWdadTlFNGVpYnBmQ1BwZnFPZWllZVVxdkhNNk51c01YM2N6S2Zja0FhQm4xWDdHeEV2SGVHT2c4QzZ4MFpIVzFpJTJGQktvQm9QOHhobXlEMDRsOVNRM2RrTFl4R3M4UEdrVUpMVENrdVVlS1A0cDRUZmdScW5YS2MlMkZwTHExM3F3Q2o3RmVvTVRVVlh3Mmt5eXZLREhYbm50UXllR2Y3MmxzT04wV21CR2NrcGdqZ3B5dWJERTMlMkZwYjJqakJjbk5yU1Jid0ZHZEUxUWxLeWtBNURQMG1YSXNSJTJGZUxLNUYzSTdBT0dtOGFDZ1ZkV2k1SyUyRk1qVkZVM1hwMHQ1VnJUejNBeTZEZTdOJTJGa0hUMXJ4dW0zNENQcDljSloxa3dTbG5iUWRLbyUyQmV2WkVnWGNwMTV6SllGRzhWcWtDUno4WmxWMG1uejJpWkVvWVl3V3Frb3dPJTJGRG5nWXlLbUslMkZjMzhXbWNLR3pmY1hlR2UzV3p2bnNTVEliNFclMkJQQ0NaS1dHYm1DbnQ0ajN3OUxjQUwzOXQ3QSUzRCUzRCZYLUFtei1TaWduZWRIZWFkZXJzPWhvc3QlM0J4LWs4cy1hd3MtaWQmWC1BbXotU2lnbmF0dXJlPWZhZTkyN2Q2ZmZkMmFlYzkxNzVjZWYxYTY1YmJlOTE4MWZjNGUwOTc4OGU5MDBhODgyYzJmODhkZWYxYWU1NzU"
          },
          "sensitive_attributes": []
        }
      ]
    },
    {
      "mode": "managed",
      "type": "kubernetes_namespace",
      "name": "flux_system",
      "provider": "provider[\"registry.terraform.io/hashicorp/kubernetes\"]",
      "instances": [
        {
          "schema_version": 0,
          "attributes": {
            "id": "flux-system",
            "metadata": [
              {
                "annotations": null,
                "generate_name": "",
                "generation": 0,
                "labels": null,
                "name": "flux-system",
                "resource_version": "37083",
                "uid": "b9c32fbf-5030-4f84-8539-a25ee13601d5"
              }
            ],
            "timeouts": null
          },
          "sensitive_attributes": [],
          "private": "eyJlMmJmYjczMC1lY2FhLTExZTYtOGY4OC0zNDM2M2JjN2M0YzAiOnsiZGVsZXRlIjozMDAwMDAwMDAwMDB9fQ==",
          "dependencies": [
            "data.aws_eks_cluster.leaf",
            "data.aws_eks_cluster_auth.leaf"
          ]
        }
      ]
    },
    {
      "mode": "managed",
      "type": "tls_private_key",
      "name": "main",
      "provider": "provider[\"registry.terraform.io/hashicorp/tls\"]",
      "instances": [
        {
          "schema_version": 1,
          "attributes": {
            "algorithm": "ECDSA",
            "ecdsa_curve": "P256",
            "id": "8342d37fde09f7db94e8f80341f4566653f11bda",
            "private_key_openssh": "-----BEGIN OPENSSH PRIVATE KEY-----\nb3BlbnNzaC1rZXktdjEAAAAABG5vbmUAAAAEbm9uZQAAAAAAAAABAAAAaAAAABNl\nY2RzYS1zaGEyLW5pc3RwMjU2AAAACG5pc3RwMjU2AAAAQQSmoAupsxb+GUAd06Km\nY/3OZ2XMvG+XFHlCbA3mPBJbP9QupIwNaUZ+Ny/yzjjQATVfSwqAErXDI9HX2an/\nYwlgAAAAoOXeVWDl3lVgAAAAE2VjZHNhLXNoYTItbmlzdHAyNTYAAAAIbmlzdHAy\nNTYAAABBBKagC6mzFv4ZQB3ToqZj/c5nZcy8b5cUeUJsDeY8Els/1C6kjA1pRn43\nL/LOONABNV9LCoAStcMj0dfZqf9jCWAAAAAhAOP7bLiZZ79AxnFN+OOpfOL7ZjSr\n7k3Gf4WmISetPcUwAAAAAAECAwQFBgc=\n-----END OPENSSH PRIVATE KEY-----\n",
            "private_key_pem": "-----BEGIN EC PRIVATE KEY-----\nMHcCAQEEIOP7bLiZZ79AxnFN+OOpfOL7ZjSr7k3Gf4WmISetPcUwoAoGCCqGSM49\nAwEHoUQDQgAEpqALqbMW/hlAHdOipmP9zmdlzLxvlxR5QmwN5jwSWz/ULqSMDWlG\nfjcv8s440AE1X0sKgBK1wyPR19mp/2MJYA==\n-----END EC PRIVATE KEY-----\n",
            "private_key_pem_pkcs8": "-----BEGIN PRIVATE KEY-----\nMIGHAgEAMBMGByqGSM49AgEGCCqGSM49AwEHBG0wawIBAQQg4/tsuJlnv0DGcU34\n46l84vtmNKvuTcZ/haYhJ609xTChRANCAASmoAupsxb+GUAd06KmY/3OZ2XMvG+X\nFHlCbA3mPBJbP9QupIwNaUZ+Ny/yzjjQATVfSwqAErXDI9HX2an/Ywlg\n-----END PRIVATE KEY-----\n",
            "public_key_fingerprint_md5": "96:4e:dc:0a:2c:26:ab:7d:3f:48:03:ad:2d:ed:89:02",
            "public_key_fingerprint_sha256": "SHA256:FqSi6oEucpMjILD7HaNBA02n6mbsNJP9QSC3wOtuJW4",
            "public_key_openssh": "ecdsa-sha2-nistp256 AAAAE2VjZHNhLXNoYTItbmlzdHAyNTYAAAAIbmlzdHAyNTYAAABBBKagC6mzFv4ZQB3ToqZj/c5nZcy8b5cUeUJsDeY8Els/1C6kjA1pRn43L/LOONABNV9LCoAStcMj0dfZqf9jCWA=\n",
            "public_key_pem": "-----BEGIN PUBLIC KEY-----\nMFkwEwYHKoZIzj0CAQYIKoZIzj0DAQcDQgAEpqALqbMW/hlAHdOipmP9zmdlzLxv\nlxR5QmwN5jwSWz/ULqSMDWlGfjcv8s440AE1X0sKgBK1wyPR19mp/2MJYA==\n-----END PUBLIC KEY-----\n",
            "rsa_bits": 2048
          },
          "sensitive_attributes": []
        }
      ]
    }
  ],
  "check_results": null
}
