{
  "version": 4,
  "terraform_version": "1.3.7",
  "serial": 3,
  "lineage": "a354f9cc-9e0e-ec5a-7b29-a8692e54a3c3",
  "outputs": {},
  "resources": [
    {
      "mode": "data",
      "type": "aws_eks_cluster",
      "name": "leaf",
      "provider": "provider[\"registry.terraform.io/hashicorp/aws\"]",
      "instances": [
        {
          "schema_version": 0,
          "attributes": {
            "arn": "arn:aws:eks:eu-north-1:894516026745:cluster/default_leaf-control-plane",
            "certificate_authority": [
              {
                "data": "LS0tLS1CRUdJTiBDRVJUSUZJQ0FURS0tLS0tCk1JSUMvakNDQWVhZ0F3SUJBZ0lCQURBTkJna3Foa2lHOXcwQkFRc0ZBREFWTVJNd0VRWURWUVFERXdwcmRXSmwKY201bGRHVnpNQjRYRFRJek1ERXlOVEE1TlRjek0xb1hEVE16TURFeU1qQTVOVGN6TTFvd0ZURVRNQkVHQTFVRQpBeE1LYTNWaVpYSnVaWFJsY3pDQ0FTSXdEUVlKS29aSWh2Y05BUUVCQlFBRGdnRVBBRENDQVFvQ2dnRUJBTU5QCjZyL3ljajBmV3R1OWVaNys5YXd4SUNPZi9hcWFCOTkxUkVSb1pkUzFDa0NndjBtUlpCTjI1OVhnMTRlMmJSdm0KSXp0NGNlSFJhWnltbS9vajNuM1d6aHE4c0R4a2pGMFppNHlUQzVzSElHaW1TNmxzWGpQNXlQUnYvOW5qNml4dQovRzVxL0xwN2F1UFIvT0gxeHJHTVZoaDBCT1IwcEpWNE9DcVFjdTl0WHBGUENFNjZjK09qVUpHeUduQ0ZqSUZmCmxMaWgxcDdMcHZENllpbUcwSXVUditZaEhKaUR5MFdpYnB1UlNOakp5bitTaXZBRG1qNGExeFVKQy9YQ2pnN2IKQmpsNlorOGdzVmF6dDErNHRFdnpGOVFsOHBEeFlORVNXR0c3ZS9TSDJHanpCZTRXV0pEOUlaVUU2YmplTEFNQwprT3dyZ0ZLRFp4bm5SK0tiemhzQ0F3RUFBYU5aTUZjd0RnWURWUjBQQVFIL0JBUURBZ0trTUE4R0ExVWRFd0VCCi93UUZNQU1CQWY4d0hRWURWUjBPQkJZRUZBT0ZpWmd2TGQvajl0K2ZudUQwWTF2VFRZSStNQlVHQTFVZEVRUU8KTUF5Q0NtdDFZbVZ5Ym1WMFpYTXdEUVlKS29aSWh2Y05BUUVMQlFBRGdnRUJBRVhlQ0o5NExpRFd6dDVqVURKKwozd1dsZHJGZzgvYllwNk5WU3Nid3dGcXVxRnFMSjRIY2ZnV1g3akdPZUFES2pPZEMvVXpjWUJtMkJvZzJqRUVVCk5QbnZHUktsMm5hdUhlRyt6NlozWERCSFJBSUk5bDdTazlUR2VjTDJnd3BjcDkybEVhVzdoVHJtNXIraVBXMy8KbWtCOU96UDVaUk5aQXRKTnAraFlnVkovemExNzFsUWxwVmZMZS9rTE9QZ0RtYlp3a3JqdVVFMkNHVERCNlBFMwpOZEdhTFJLcDVQUXBqYkZRc25vdjZtb1JvR3oyZDZxRExXdUUxUnNWQUZSTUZYY2JRWjlRZ1IyT2ZFVSt4b0Q4Ck01RXVjVklMZ3lvTGNRQWpxb2FzY2tnR3RmM3BzT3M3eFROdE0rT0xyUWlZQU1uNnA4cFVYR3l1VzZxZ2pCMW8Kb0tNPQotLS0tLUVORCBDRVJUSUZJQ0FURS0tLS0tCg=="
              }
            ],
            "cluster_id": null,
            "created_at": "2023-01-25 09:51:39.326 +0000 UTC",
            "enabled_cluster_log_types": [],
            "endpoint": "https://707C2B1121E191E873D342AF32A5B0F7.sk1.eu-north-1.eks.amazonaws.com",
            "id": "default_leaf-control-plane",
            "identity": [
              {
                "oidc": [
                  {
                    "issuer": "https://oidc.eks.eu-north-1.amazonaws.com/id/707C2B1121E191E873D342AF32A5B0F7"
                  }
                ]
              }
            ],
            "kubernetes_network_config": [
              {
                "ip_family": "ipv4",
                "service_ipv4_cidr": "172.20.0.0/16",
                "service_ipv6_cidr": ""
              }
            ],
            "name": "default_leaf-control-plane",
            "outpost_config": [],
            "platform_version": "eks.3",
            "role_arn": "arn:aws:iam::894516026745:role/leaf-iam-service-role",
            "status": "ACTIVE",
            "tags": {
              "Name": "default_leaf-control-plane",
              "creator": "waleed.hamam@weave.works",
              "kubernetes.io/cluster/default_leaf-control-plane": "owned",
              "sigs.k8s.io/cluster-api-provider-aws/cluster/default_leaf-control-plane": "owned",
              "sigs.k8s.io/cluster-api-provider-aws/role": "common"
            },
            "version": "1.24",
            "vpc_config": [
              {
                "cluster_security_group_id": "sg-0da6d62bbfef9d0ff",
                "endpoint_private_access": false,
                "endpoint_public_access": true,
                "public_access_cidrs": [
                  "0.0.0.0/0"
                ],
                "security_group_ids": [
                  "sg-074c02cfd0ef26c04"
                ],
                "subnet_ids": [
                  "subnet-01a77bbd7b370f71e",
                  "subnet-02886e9ad35cf9c9a",
                  "subnet-03c835cea007e328a",
                  "subnet-093a775f359181b7a",
                  "subnet-09d0c40f51628845b",
                  "subnet-0ef8a4deff5c1878f"
                ],
                "vpc_id": "vpc-0d9589d9d808e855a"
              }
            ]
          },
          "sensitive_attributes": []
        }
      ]
    },
    {
      "mode": "data",
      "type": "aws_eks_cluster_auth",
      "name": "leaf",
      "provider": "provider[\"registry.terraform.io/hashicorp/aws\"]",
      "instances": [
        {
          "schema_version": 0,
          "attributes": {
            "id": "default_leaf-control-plane",
            "name": "default_leaf-control-plane",
            "token": "k8s-aws-v1.aHR0cHM6Ly9zdHMuYW1hem9uYXdzLmNvbS8_QWN0aW9uPUdldENhbGxlcklkZW50aXR5JlZlcnNpb249MjAxMS0wNi0xNSZYLUFtei1BbGdvcml0aG09QVdTNC1ITUFDLVNIQTI1NiZYLUFtei1DcmVkZW50aWFsPUFTSUE1QVJLUExWNFlUM1lFNE9JJTJGMjAyMzAxMjUlMkZ1cy1lYXN0LTElMkZzdHMlMkZhd3M0X3JlcXVlc3QmWC1BbXotRGF0ZT0yMDIzMDEyNVQxNDAyMTlaJlgtQW16LUV4cGlyZXM9MCZYLUFtei1TZWN1cml0eS1Ub2tlbj1Gd29HWlhJdllYZHpFS3YlMkYlMkYlMkYlMkYlMkYlMkYlMkYlMkYlMkYlMkZ3RWFETmw5dzU1N0JkSkpOYThjRUNLaEFuNTlJMjQ5RFBqYmxURmowSDRwV1JvT0FUcW56b0F0Y0ZuYVZKNnpGTmlIamxiQ3JQMTE4eWdadTlFNGVpYnBmQ1BwZnFPZWllZVVxdkhNNk51c01YM2N6S2Zja0FhQm4xWDdHeEV2SGVHT2c4QzZ4MFpIVzFpJTJGQktvQm9QOHhobXlEMDRsOVNRM2RrTFl4R3M4UEdrVUpMVENrdVVlS1A0cDRUZmdScW5YS2MlMkZwTHExM3F3Q2o3RmVvTVRVVlh3Mmt5eXZLREhYbm50UXllR2Y3MmxzT04wV21CR2NrcGdqZ3B5dWJERTMlMkZwYjJqakJjbk5yU1Jid0ZHZEUxUWxLeWtBNURQMG1YSXNSJTJGZUxLNUYzSTdBT0dtOGFDZ1ZkV2k1SyUyRk1qVkZVM1hwMHQ1VnJUejNBeTZEZTdOJTJGa0hUMXJ4dW0zNENQcDljSloxa3dTbG5iUWRLbyUyQmV2WkVnWGNwMTV6SllGRzhWcWtDUno4WmxWMG1uejJpWkVvWVl3V3Frb3dPJTJGRG5nWXlLbUslMkZjMzhXbWNLR3pmY1hlR2UzV3p2bnNTVEliNFclMkJQQ0NaS1dHYm1DbnQ0ajN3OUxjQUwzOXQ3QSUzRCUzRCZYLUFtei1TaWduZWRIZWFkZXJzPWhvc3QlM0J4LWs4cy1hd3MtaWQmWC1BbXotU2lnbmF0dXJlPWM1NDMwMzEwNzU4ZThiYmEyYTgzZDgyYzFiZmUwOGJlODUyYjRiYzQzYmVmNmI5YjI5ZmJjYjc2ZDQ4YTk4NzQ"
          },
          "sensitive_attributes": []
        }
      ]
    },
    {
      "mode": "managed",
      "type": "kubectl_manifest",
      "name": "external_secrets_release",
      "provider": "provider[\"registry.terraform.io/gavinbunney/kubectl\"]",
      "instances": [
        {
          "schema_version": 1,
          "attributes": {
            "api_version": "helm.toolkit.fluxcd.io/v2beta1",
            "apply_only": false,
            "force_conflicts": false,
            "force_new": false,
            "id": "/apis/helm.toolkit.fluxcd.io/v2beta1/namespaces/flux-system/helmreleases/external-secrets-operator",
            "ignore_fields": null,
            "kind": "HelmRelease",
            "live_manifest_incluster": "43111f8d6ea17dd9ceac7cdce617d74c299e01c0ca36b7a57ce2a146c411b9e3",
            "live_uid": "995359cb-ccaf-495b-8e86-0c207c70518f",
            "name": "external-secrets-operator",
            "namespace": "flux-system",
            "override_namespace": null,
            "sensitive_fields": null,
            "server_side_apply": false,
            "timeouts": null,
            "uid": "995359cb-ccaf-495b-8e86-0c207c70518f",
            "validate_schema": true,
            "wait": null,
            "wait_for_rollout": true,
            "yaml_body": "apiVersion: helm.toolkit.fluxcd.io/v2beta1\nkind: HelmRelease\nmetadata:\n  name: external-secrets-operator\n  namespace: flux-system\nspec:\n  releaseName: external-secrets-operator\n  targetNamespace: external-secrets-operator\n  interval: 10m\n  chart:\n    spec:\n      chart: external-secrets\n      sourceRef:\n        kind: HelmRepository\n        name: external-secrets\n        namespace: flux-system\n  values:\n    installCRDs: true\n  install:\n    createNamespace: true\n",
            "yaml_body_parsed": "apiVersion: helm.toolkit.fluxcd.io/v2beta1\nkind: HelmRelease\nmetadata:\n  name: external-secrets-operator\n  namespace: flux-system\nspec:\n  chart:\n    spec:\n      chart: external-secrets\n      sourceRef:\n        kind: HelmRepository\n        name: external-secrets\n        namespace: flux-system\n  install:\n    createNamespace: true\n  interval: 10m\n  releaseName: external-secrets-operator\n  targetNamespace: external-secrets-operator\n  values:\n    installCRDs: true\n",
            "yaml_incluster": "43111f8d6ea17dd9ceac7cdce617d74c299e01c0ca36b7a57ce2a146c411b9e3"
          },
          "sensitive_attributes": [],
          "private": "eyJlMmJmYjczMC1lY2FhLTExZTYtOGY4OC0zNDM2M2JjN2M0YzAiOnsiY3JlYXRlIjo2MDAwMDAwMDAwMDB9LCJzY2hlbWFfdmVyc2lvbiI6IjEifQ==",
          "dependencies": [
            "data.aws_eks_cluster.leaf",
            "data.aws_eks_cluster_auth.leaf"
          ]
        }
      ]
    },
    {
      "mode": "managed",
      "type": "kubectl_manifest",
      "name": "external_secrets_repo",
      "provider": "provider[\"registry.terraform.io/gavinbunney/kubectl\"]",
      "instances": [
        {
          "schema_version": 1,
          "attributes": {
            "api_version": "source.toolkit.fluxcd.io/v1beta1",
            "apply_only": false,
            "force_conflicts": false,
            "force_new": false,
            "id": "/apis/source.toolkit.fluxcd.io/v1beta1/namespaces/flux-system/helmrepositorys/external-secrets",
            "ignore_fields": null,
            "kind": "HelmRepository",
            "live_manifest_incluster": "5ccc973e96031843ac5338bff4f1ff3641afa3919601e82d49c5197eb0e58614",
            "live_uid": "4af071e3-836d-450a-b7b7-d2e7e7439a12",
            "name": "external-secrets",
            "namespace": "flux-system",
            "override_namespace": null,
            "sensitive_fields": null,
            "server_side_apply": false,
            "timeouts": null,
            "uid": "4af071e3-836d-450a-b7b7-d2e7e7439a12",
            "validate_schema": true,
            "wait": null,
            "wait_for_rollout": true,
            "yaml_body": "apiVersion: source.toolkit.fluxcd.io/v1beta1\nkind: HelmRepository\nmetadata:\n  name: external-secrets\n  namespace: flux-system\nspec:\n  interval: 10m\n  url: https://charts.external-secrets.io\n",
            "yaml_body_parsed": "apiVersion: source.toolkit.fluxcd.io/v1beta1\nkind: HelmRepository\nmetadata:\n  name: external-secrets\n  namespace: flux-system\nspec:\n  interval: 10m\n  url: https://charts.external-secrets.io\n",
            "yaml_incluster": "5ccc973e96031843ac5338bff4f1ff3641afa3919601e82d49c5197eb0e58614"
          },
          "sensitive_attributes": [],
          "private": "eyJlMmJmYjczMC1lY2FhLTExZTYtOGY4OC0zNDM2M2JjN2M0YzAiOnsiY3JlYXRlIjo2MDAwMDAwMDAwMDB9LCJzY2hlbWFfdmVyc2lvbiI6IjEifQ==",
          "dependencies": [
            "data.aws_eks_cluster.leaf",
            "data.aws_eks_cluster_auth.leaf"
          ]
        }
      ]
    }
  ],
  "check_results": null
}
